// !$*UTF8*$!
{
	archiveVersion = 1;
	classes = {
	};
	objectVersion = 46;
	objects = {

/* Begin PBXBuildFile section */
		912013A01CB8DABF009E4A34 /* main.m in Sources */ = {isa = PBXBuildFile; fileRef = 9120139F1CB8DABF009E4A34 /* main.m */; };
		912013A31CB8DABF009E4A34 /* AppDelegate.m in Sources */ = {isa = PBXBuildFile; fileRef = 912013A21CB8DABF009E4A34 /* AppDelegate.m */; };
		912013A61CB8DABF009E4A34 /* ViewController.m in Sources */ = {isa = PBXBuildFile; fileRef = 912013A51CB8DABF009E4A34 /* ViewController.m */; };
		912013A91CB8DABF009E4A34 /* Main.storyboard in Resources */ = {isa = PBXBuildFile; fileRef = 912013A71CB8DABF009E4A34 /* Main.storyboard */; };
		912013AB1CB8DABF009E4A34 /* Assets.xcassets in Resources */ = {isa = PBXBuildFile; fileRef = 912013AA1CB8DABF009E4A34 /* Assets.xcassets */; };
		912013AE1CB8DABF009E4A34 /* LaunchScreen.storyboard in Resources */ = {isa = PBXBuildFile; fileRef = 912013AC1CB8DABF009E4A34 /* LaunchScreen.storyboard */; };
		912013B91CB8DABF009E4A34 /* Rotation3Tests.m in Sources */ = {isa = PBXBuildFile; fileRef = 912013B81CB8DABF009E4A34 /* Rotation3Tests.m */; };
		912013C41CB8DABF009E4A34 /* Rotation3UITests.m in Sources */ = {isa = PBXBuildFile; fileRef = 912013C31CB8DABF009E4A34 /* Rotation3UITests.m */; };
		912013D31CB8DAD5009E4A34 /* FirstViewController.m in Sources */ = {isa = PBXBuildFile; fileRef = 912013D21CB8DAD5009E4A34 /* FirstViewController.m */; };
/* End PBXBuildFile section */

/* Begin PBXContainerItemProxy section */
		912013B51CB8DABF009E4A34 /* PBXContainerItemProxy */ = {
			isa = PBXContainerItemProxy;
			containerPortal = 912013931CB8DABF009E4A34 /* Project object */;
			proxyType = 1;
			remoteGlobalIDString = 9120139A1CB8DABF009E4A34;
			remoteInfo = Rotation3;
		};
		912013C01CB8DABF009E4A34 /* PBXContainerItemProxy */ = {
			isa = PBXContainerItemProxy;
			containerPortal = 912013931CB8DABF009E4A34 /* Project object */;
			proxyType = 1;
			remoteGlobalIDString = 9120139A1CB8DABF009E4A34;
			remoteInfo = Rotation3;
		};
/* End PBXContainerItemProxy section */

/* Begin PBXFileReference section */
		9120139B1CB8DABF009E4A34 /* Rotation3.app */ = {isa = PBXFileReference; explicitFileType = wrapper.application; includeInIndex = 0; path = Rotation3.app; sourceTree = BUILT_PRODUCTS_DIR; };
		9120139F1CB8DABF009E4A34 /* main.m */ = {isa = PBXFileReference; lastKnownFileType = sourcecode.c.objc; path = main.m; sourceTree = "<group>"; };
		912013A11CB8DABF009E4A34 /* AppDelegate.h */ = {isa = PBXFileReference; lastKnownFileType = sourcecode.c.h; path = AppDelegate.h; sourceTree = "<group>"; };
		912013A21CB8DABF009E4A34 /* AppDelegate.m */ = {isa = PBXFileReference; lastKnownFileType = sourcecode.c.objc; path = AppDelegate.m; sourceTree = "<group>"; };
		912013A41CB8DABF009E4A34 /* ViewController.h */ = {isa = PBXFileReference; lastKnownFileType = sourcecode.c.h; path = ViewController.h; sourceTree = "<group>"; };
		912013A51CB8DABF009E4A34 /* ViewController.m */ = {isa = PBXFileReference; lastKnownFileType = sourcecode.c.objc; path = ViewController.m; sourceTree = "<group>"; };
		912013A81CB8DABF009E4A34 /* Base */ = {isa = PBXFileReference; lastKnownFileType = file.storyboard; name = Base; path = Base.lproj/Main.storyboard; sourceTree = "<group>"; };
		912013AA1CB8DABF009E4A34 /* Assets.xcassets */ = {isa = PBXFileReference; lastKnownFileType = folder.assetcatalog; path = Assets.xcassets; sourceTree = "<group>"; };
		912013AD1CB8DABF009E4A34 /* Base */ = {isa = PBXFileReference; lastKnownFileType = file.storyboard; name = Base; path = Base.lproj/LaunchScreen.storyboard; sourceTree = "<group>"; };
		912013AF1CB8DABF009E4A34 /* Info.plist */ = {isa = PBXFileReference; lastKnownFileType = text.plist.xml; path = Info.plist; sourceTree = "<group>"; };
		912013B41CB8DABF009E4A34 /* Rotation3Tests.xctest */ = {isa = PBXFileReference; explicitFileType = wrapper.cfbundle; includeInIndex = 0; path = Rotation3Tests.xctest; sourceTree = BUILT_PRODUCTS_DIR; };
		912013B81CB8DABF009E4A34 /* Rotation3Tests.m */ = {isa = PBXFileReference; lastKnownFileType = sourcecode.c.objc; path = Rotation3Tests.m; sourceTree = "<group>"; };
		912013BA1CB8DABF009E4A34 /* Info.plist */ = {isa = PBXFileReference; lastKnownFileType = text.plist.xml; path = Info.plist; sourceTree = "<group>"; };
		912013BF1CB8DABF009E4A34 /* Rotation3UITests.xctest */ = {isa = PBXFileReference; explicitFileType = wrapper.cfbundle; includeInIndex = 0; path = Rotation3UITests.xctest; sourceTree = BUILT_PRODUCTS_DIR; };
		912013C31CB8DABF009E4A34 /* Rotation3UITests.m */ = {isa = PBXFileReference; lastKnownFileType = sourcecode.c.objc; path = Rotation3UITests.m; sourceTree = "<group>"; };
		912013C51CB8DABF009E4A34 /* Info.plist */ = {isa = PBXFileReference; lastKnownFileType = text.plist.xml; path = Info.plist; sourceTree = "<group>"; };
		912013D11CB8DAD5009E4A34 /* FirstViewController.h */ = {isa = PBXFileReference; fileEncoding = 4; lastKnownFileType = sourcecode.c.h; path = FirstViewController.h; sourceTree = "<group>"; };
		912013D21CB8DAD5009E4A34 /* FirstViewController.m */ = {isa = PBXFileReference; fileEncoding = 4; lastKnownFileType = sourcecode.c.objc; path = FirstViewController.m; sourceTree = "<group>"; };
/* End PBXFileReference section */

/* Begin PBXFrameworksBuildPhase section */
		912013981CB8DABF009E4A34 /* Frameworks */ = {
			isa = PBXFrameworksBuildPhase;
			buildActionMask = 2147483647;
			files = (
			);
			runOnlyForDeploymentPostprocessing = 0;
		};
		912013B11CB8DABF009E4A34 /* Frameworks */ = {
			isa = PBXFrameworksBuildPhase;
			buildActionMask = 2147483647;
			files = (
			);
			runOnlyForDeploymentPostprocessing = 0;
		};
		912013BC1CB8DABF009E4A34 /* Frameworks */ = {
			isa = PBXFrameworksBuildPhase;
			buildActionMask = 2147483647;
			files = (
			);
			runOnlyForDeploymentPostprocessing = 0;
		};
/* End PBXFrameworksBuildPhase section */

/* Begin PBXGroup section */
		912013921CB8DABF009E4A34 = {
			isa = PBXGroup;
			children = (
				9120139D1CB8DABF009E4A34 /* Rotation3 */,
				912013B71CB8DABF009E4A34 /* Rotation3Tests */,
				912013C21CB8DABF009E4A34 /* Rotation3UITests */,
				9120139C1CB8DABF009E4A34 /* Products */,
			);
			sourceTree = "<group>";
		};
		9120139C1CB8DABF009E4A34 /* Products */ = {
			isa = PBXGroup;
			children = (
				9120139B1CB8DABF009E4A34 /* Rotation3.app */,
				912013B41CB8DABF009E4A34 /* Rotation3Tests.xctest */,
				912013BF1CB8DABF009E4A34 /* Rotation3UITests.xctest */,
			);
			name = Products;
			sourceTree = "<group>";
		};
		9120139D1CB8DABF009E4A34 /* Rotation3 */ = {
			isa = PBXGroup;
			children = (
				912013A11CB8DABF009E4A34 /* AppDelegate.h */,
				912013A21CB8DABF009E4A34 /* AppDelegate.m */,
				912013A41CB8DABF009E4A34 /* ViewController.h */,
				912013A51CB8DABF009E4A34 /* ViewController.m */,
				912013A71CB8DABF009E4A34 /* Main.storyboard */,
				912013AA1CB8DABF009E4A34 /* Assets.xcassets */,
				912013AC1CB8DABF009E4A34 /* LaunchScreen.storyboard */,
				912013AF1CB8DABF009E4A34 /* Info.plist */,
				9120139E1CB8DABF009E4A34 /* Supporting Files */,
				912013D11CB8DAD5009E4A34 /* FirstViewController.h */,
				912013D21CB8DAD5009E4A34 /* FirstViewController.m */,
			);
			path = Rotation3;
			sourceTree = "<group>";
		};
		9120139E1CB8DABF009E4A34 /* Supporting Files */ = {
			isa = PBXGroup;
			children = (
				9120139F1CB8DABF009E4A34 /* main.m */,
			);
			name = "Supporting Files";
			sourceTree = "<group>";
		};
		912013B71CB8DABF009E4A34 /* Rotation3Tests */ = {
			isa = PBXGroup;
			children = (
				912013B81CB8DABF009E4A34 /* Rotation3Tests.m */,
				912013BA1CB8DABF009E4A34 /* Info.plist */,
			);
			path = Rotation3Tests;
			sourceTree = "<group>";
		};
		912013C21CB8DABF009E4A34 /* Rotation3UITests */ = {
			isa = PBXGroup;
			children = (
				912013C31CB8DABF009E4A34 /* Rotation3UITests.m */,
				912013C51CB8DABF009E4A34 /* Info.plist */,
			);
			path = Rotation3UITests;
			sourceTree = "<group>";
		};
/* End PBXGroup section */

/* Begin PBXNativeTarget section */
		9120139A1CB8DABF009E4A34 /* Rotation3 */ = {
			isa = PBXNativeTarget;
			buildConfigurationList = 912013C81CB8DABF009E4A34 /* Build configuration list for PBXNativeTarget "Rotation3" */;
			buildPhases = (
				912013971CB8DABF009E4A34 /* Sources */,
				912013981CB8DABF009E4A34 /* Frameworks */,
				912013991CB8DABF009E4A34 /* Resources */,
			);
			buildRules = (
			);
			dependencies = (
			);
			name = Rotation3;
			productName = Rotation3;
			productReference = 9120139B1CB8DABF009E4A34 /* Rotation3.app */;
			productType = "com.apple.product-type.application";
		};
		912013B31CB8DABF009E4A34 /* Rotation3Tests */ = {
			isa = PBXNativeTarget;
			buildConfigurationList = 912013CB1CB8DABF009E4A34 /* Build configuration list for PBXNativeTarget "Rotation3Tests" */;
			buildPhases = (
				912013B01CB8DABF009E4A34 /* Sources */,
				912013B11CB8DABF009E4A34 /* Frameworks */,
				912013B21CB8DABF009E4A34 /* Resources */,
			);
			buildRules = (
			);
			dependencies = (
				912013B61CB8DABF009E4A34 /* PBXTargetDependency */,
			);
			name = Rotation3Tests;
			productName = Rotation3Tests;
			productReference = 912013B41CB8DABF009E4A34 /* Rotation3Tests.xctest */;
			productType = "com.apple.product-type.bundle.unit-test";
		};
		912013BE1CB8DABF009E4A34 /* Rotation3UITests */ = {
			isa = PBXNativeTarget;
			buildConfigurationList = 912013CE1CB8DABF009E4A34 /* Build configuration list for PBXNativeTarget "Rotation3UITests" */;
			buildPhases = (
				912013BB1CB8DABF009E4A34 /* Sources */,
				912013BC1CB8DABF009E4A34 /* Frameworks */,
				912013BD1CB8DABF009E4A34 /* Resources */,
			);
			buildRules = (
			);
			dependencies = (
				912013C11CB8DABF009E4A34 /* PBXTargetDependency */,
			);
			name = Rotation3UITests;
			productName = Rotation3UITests;
			productReference = 912013BF1CB8DABF009E4A34 /* Rotation3UITests.xctest */;
			productType = "com.apple.product-type.bundle.ui-testing";
		};
/* End PBXNativeTarget section */

/* Begin PBXProject section */
		912013931CB8DABF009E4A34 /* Project object */ = {
			isa = PBXProject;
			attributes = {
				LastUpgradeCheck = 0730;
				ORGANIZATIONNAME = Artup;
				TargetAttributes = {
					9120139A1CB8DABF009E4A34 = {
						CreatedOnToolsVersion = 7.3;
					};
					912013B31CB8DABF009E4A34 = {
						CreatedOnToolsVersion = 7.3;
						TestTargetID = 9120139A1CB8DABF009E4A34;
					};
					912013BE1CB8DABF009E4A34 = {
						CreatedOnToolsVersion = 7.3;
						TestTargetID = 9120139A1CB8DABF009E4A34;
					};
				};
			};
			buildConfigurationList = 912013961CB8DABF009E4A34 /* Build configuration list for PBXProject "Rotation3" */;
			compatibilityVersion = "Xcode 3.2";
			developmentRegion = English;
			hasScannedForEncodings = 0;
			knownRegions = (
				en,
				Base,
			);
			mainGroup = 912013921CB8DABF009E4A34;
			productRefGroup = 9120139C1CB8DABF009E4A34 /* Products */;
			projectDirPath = "";
			projectRoot = "";
			targets = (
				9120139A1CB8DABF009E4A34 /* Rotation3 */,
				912013B31CB8DABF009E4A34 /* Rotation3Tests */,
				912013BE1CB8DABF009E4A34 /* Rotation3UITests */,
			);
		};
/* End PBXProject section */

/* Begin PBXResourcesBuildPhase section */
		912013991CB8DABF009E4A34 /* Resources */ = {
			isa = PBXResourcesBuildPhase;
			buildActionMask = 2147483647;
			files = (
				912013AE1CB8DABF009E4A34 /* LaunchScreen.storyboard in Resources */,
				912013AB1CB8DABF009E4A34 /* Assets.xcassets in Resources */,
				912013A91CB8DABF009E4A34 /* Main.storyboard in Resources */,
			);
			runOnlyForDeploymentPostprocessing = 0;
		};
		912013B21CB8DABF009E4A34 /* Resources */ = {
			isa = PBXResourcesBuildPhase;
			buildActionMask = 2147483647;
			files = (
			);
			runOnlyForDeploymentPostprocessing = 0;
		};
		912013BD1CB8DABF009E4A34 /* Resources */ = {
			isa = PBXResourcesBuildPhase;
			buildActionMask = 2147483647;
			files = (
			);
			runOnlyForDeploymentPostprocessing = 0;
		};
/* End PBXResourcesBuildPhase section */

/* Begin PBXSourcesBuildPhase section */
		912013971CB8DABF009E4A34 /* Sources */ = {
			isa = PBXSourcesBuildPhase;
			buildActionMask = 2147483647;
			files = (
				912013A61CB8DABF009E4A34 /* ViewController.m in Sources */,
				912013A31CB8DABF009E4A34 /* AppDelegate.m in Sources */,
				912013A01CB8DABF009E4A34 /* main.m in Sources */,
				912013D31CB8DAD5009E4A34 /* FirstViewController.m in Sources */,
			);
			runOnlyForDeploymentPostprocessing = 0;
		};
		912013B01CB8DABF009E4A34 /* Sources */ = {
			isa = PBXSourcesBuildPhase;
			buildActionMask = 2147483647;
			files = (
				912013B91CB8DABF009E4A34 /* Rotation3Tests.m in Sources */,
			);
			runOnlyForDeploymentPostprocessing = 0;
		};
		912013BB1CB8DABF009E4A34 /* Sources */ = {
			isa = PBXSourcesBuildPhase;
			buildActionMask = 2147483647;
			files = (
				912013C41CB8DABF009E4A34 /* Rotation3UITests.m in Sources */,
			);
			runOnlyForDeploymentPostprocessing = 0;
		};
/* End PBXSourcesBuildPhase section */

/* Begin PBXTargetDependency section */
		912013B61CB8DABF009E4A34 /* PBXTargetDependency */ = {
			isa = PBXTargetDependency;
			target = 9120139A1CB8DABF009E4A34 /* Rotation3 */;
			targetProxy = 912013B51CB8DABF009E4A34 /* PBXContainerItemProxy */;
		};
		912013C11CB8DABF009E4A34 /* PBXTargetDependency */ = {
			isa = PBXTargetDependency;
			target = 9120139A1CB8DABF009E4A34 /* Rotation3 */;
			targetProxy = 912013C01CB8DABF009E4A34 /* PBXContainerItemProxy */;
		};
/* End PBXTargetDependency section */

/* Begin PBXVariantGroup section */
		912013A71CB8DABF009E4A34 /* Main.storyboard */ = {
			isa = PBXVariantGroup;
			children = (
				912013A81CB8DABF009E4A34 /* Base */,
			);
			name = Main.storyboard;
			sourceTree = "<group>";
		};
		912013AC1CB8DABF009E4A34 /* LaunchScreen.storyboard */ = {
			isa = PBXVariantGroup;
			children = (
				912013AD1CB8DABF009E4A34 /* Base */,
			);
			name = LaunchScreen.storyboard;
			sourceTree = "<group>";
		};
/* End PBXVariantGroup section */

/* Begin XCBuildConfiguration section */
		912013C61CB8DABF009E4A34 /* Debug */ = {
			isa = XCBuildConfiguration;
			buildSettings = {
				ALWAYS_SEARCH_USER_PATHS = NO;
				CLANG_ANALYZER_NONNULL = YES;
				CLANG_CXX_LANGUAGE_STANDARD = "gnu++0x";
				CLANG_CXX_LIBRARY = "libc++";
				CLANG_ENABLE_MODULES = YES;
				CLANG_ENABLE_OBJC_ARC = YES;
				CLANG_WARN_BOOL_CONVERSION = YES;
				CLANG_WARN_CONSTANT_CONVERSION = YES;
				CLANG_WARN_DIRECT_OBJC_ISA_USAGE = YES_ERROR;
				CLANG_WARN_EMPTY_BODY = YES;
				CLANG_WARN_ENUM_CONVERSION = YES;
				CLANG_WARN_INT_CONVERSION = YES;
				CLANG_WARN_OBJC_ROOT_CLASS = YES_ERROR;
				CLANG_WARN_UNREACHABLE_CODE = YES;
				CLANG_WARN__DUPLICATE_METHOD_MATCH = YES;
				"CODE_SIGN_IDENTITY[sdk=iphoneos*]" = "iPhone Developer";
				COPY_PHASE_STRIP = NO;
				DEBUG_INFORMATION_FORMAT = dwarf;
				ENABLE_STRICT_OBJC_MSGSEND = YES;
				ENABLE_TESTABILITY = YES;
				GCC_C_LANGUAGE_STANDARD = gnu99;
				GCC_DYNAMIC_NO_PIC = NO;
				GCC_NO_COMMON_BLOCKS = YES;
				GCC_OPTIMIZATION_LEVEL = 0;
				GCC_PREPROCESSOR_DEFINITIONS = (
					"DEBUG=1",
					"$(inherited)",
				);
				GCC_WARN_64_TO_32_BIT_CONVERSION = YES;
				GCC_WARN_ABOUT_RETURN_TYPE = YES_ERROR;
				GCC_WARN_UNDECLARED_SELECTOR = YES;
				GCC_WARN_UNINITIALIZED_AUTOS = YES_AGGRESSIVE;
				GCC_WARN_UNUSED_FUNCTION = YES;
				GCC_WARN_UNUSED_VARIABLE = YES;
				IPHONEOS_DEPLOYMENT_TARGET = 9.3;
				MTL_ENABLE_DEBUG_INFO = YES;
				ONLY_ACTIVE_ARCH = YES;
				SDKROOT = iphoneos;
				TARGETED_DEVICE_FAMILY = "1,2";
			};
			name = Debug;
		};
		912013C71CB8DABF009E4A34 /* Release */ = {
			isa = XCBuildConfiguration;
			buildSettings = {
				ALWAYS_SEARCH_USER_PATHS = NO;
				CLANG_ANALYZER_NONNULL = YES;
				CLANG_CXX_LANGUAGE_STANDARD = "gnu++0x";
				CLANG_CXX_LIBRARY = "libc++";
				CLANG_ENABLE_MODULES = YES;
				CLANG_ENABLE_OBJC_ARC = YES;
				CLANG_WARN_BOOL_CONVERSION = YES;
				CLANG_WARN_CONSTANT_CONVERSION = YES;
				CLANG_WARN_DIRECT_OBJC_ISA_USAGE = YES_ERROR;
				CLANG_WARN_EMPTY_BODY = YES;
				CLANG_WARN_ENUM_CONVERSION = YES;
				CLANG_WARN_INT_CONVERSION = YES;
				CLANG_WARN_OBJC_ROOT_CLASS = YES_ERROR;
				CLANG_WARN_UNREACHABLE_CODE = YES;
				CLANG_WARN__DUPLICATE_METHOD_MATCH = YES;
				"CODE_SIGN_IDENTITY[sdk=iphoneos*]" = "iPhone Developer";
				COPY_PHASE_STRIP = NO;
				DEBUG_INFORMATION_FORMAT = "dwarf-with-dsym";
				ENABLE_NS_ASSERTIONS = NO;
				ENABLE_STRICT_OBJC_MSGSEND = YES;
				GCC_C_LANGUAGE_STANDARD = gnu99;
				GCC_NO_COMMON_BLOCKS = YES;
				GCC_WARN_64_TO_32_BIT_CONVERSION = YES;
				GCC_WARN_ABOUT_RETURN_TYPE = YES_ERROR;
				GCC_WARN_UNDECLARED_SELECTOR = YES;
				GCC_WARN_UNINITIALIZED_AUTOS = YES_AGGRESSIVE;
				GCC_WARN_UNUSED_FUNCTION = YES;
				GCC_WARN_UNUSED_VARIABLE = YES;
				IPHONEOS_DEPLOYMENT_TARGET = 9.3;
				MTL_ENABLE_DEBUG_INFO = NO;
				SDKROOT = iphoneos;
				TARGETED_DEVICE_FAMILY = "1,2";
				VALIDATE_PRODUCT = YES;
			};
			name = Release;
		};
		912013C91CB8DABF009E4A34 /* Debug */ = {
			isa = XCBuildConfiguration;
			buildSettings = {
				ASSETCATALOG_COMPILER_APPICON_NAME = AppIcon;
				INFOPLIST_FILE = Rotation3/Info.plist;
				LD_RUNPATH_SEARCH_PATHS = "$(inherited) @executable_path/Frameworks";
				PRODUCT_BUNDLE_IDENTIFIER = com.artup.Rotation3;
				PRODUCT_NAME = "$(TARGET_NAME)";
			};
			name = Debug;
		};
		912013CA1CB8DABF009E4A34 /* Release */ = {
			isa = XCBuildConfiguration;
			buildSettings = {
				ASSETCATALOG_COMPILER_APPICON_NAME = AppIcon;
				INFOPLIST_FILE = Rotation3/Info.plist;
				LD_RUNPATH_SEARCH_PATHS = "$(inherited) @executable_path/Frameworks";
				PRODUCT_BUNDLE_IDENTIFIER = com.artup.Rotation3;
				PRODUCT_NAME = "$(TARGET_NAME)";
			};
			name = Release;
		};
		912013CC1CB8DABF009E4A34 /* Debug */ = {
			isa = XCBuildConfiguration;
			buildSettings = {
				BUNDLE_LOADER = "$(TEST_HOST)";
				INFOPLIST_FILE = Rotation3Tests/Info.plist;
				LD_RUNPATH_SEARCH_PATHS = "$(inherited) @executable_path/Frameworks @loader_path/Frameworks";
				PRODUCT_BUNDLE_IDENTIFIER = com.artup.Rotation3Tests;
				PRODUCT_NAME = "$(TARGET_NAME)";
				TEST_HOST = "$(BUILT_PRODUCTS_DIR)/Rotation3.app/Rotation3";
			};
			name = Debug;
		};
		912013CD1CB8DABF009E4A34 /* Release */ = {
			isa = XCBuildConfiguration;
			buildSettings = {
				BUNDLE_LOADER = "$(TEST_HOST)";
				INFOPLIST_FILE = Rotation3Tests/Info.plist;
				LD_RUNPATH_SEARCH_PATHS = "$(inherited) @executable_path/Frameworks @loader_path/Frameworks";
				PRODUCT_BUNDLE_IDENTIFIER = com.artup.Rotation3Tests;
				PRODUCT_NAME = "$(TARGET_NAME)";
				TEST_HOST = "$(BUILT_PRODUCTS_DIR)/Rotation3.app/Rotation3";
			};
			name = Release;
		};
		912013CF1CB8DABF009E4A34 /* Debug */ = {
			isa = XCBuildConfiguration;
			buildSettings = {
				INFOPLIST_FILE = Rotation3UITests/Info.plist;
				LD_RUNPATH_SEARCH_PATHS = "$(inherited) @executable_path/Frameworks @loader_path/Frameworks";
				PRODUCT_BUNDLE_IDENTIFIER = com.artup.Rotation3UITests;
				PRODUCT_NAME = "$(TARGET_NAME)";
				TEST_TARGET_NAME = Rotation3;
			};
			name = Debug;
		};
		912013D01CB8DABF009E4A34 /* Release */ = {
			isa = XCBuildConfiguration;
			buildSettings = {
				INFOPLIST_FILE = Rotation3UITests/Info.plist;
				LD_RUNPATH_SEARCH_PATHS = "$(inherited) @executable_path/Frameworks @loader_path/Frameworks";
				PRODUCT_BUNDLE_IDENTIFIER = com.artup.Rotation3UITests;
				PRODUCT_NAME = "$(TARGET_NAME)";
				TEST_TARGET_NAME = Rotation3;
			};
			name = Release;
		};
/* End XCBuildConfiguration section */

/* Begin XCConfigurationList section */
		912013961CB8DABF009E4A34 /* Build configuration list for PBXProject "Rotation3" */ = {
			isa = XCConfigurationList;
			buildConfigurations = (
				912013C61CB8DABF009E4A34 /* Debug */,
				912013C71CB8DABF009E4A34 /* Release */,
			);
			defaultConfigurationIsVisible = 0;
			defaultConfigurationName = Release;
		};
		912013C81CB8DABF009E4A34 /* Build configuration list for PBXNativeTarget "Rotation3" */ = {
			isa = XCConfigurationList;
			buildConfigurations = (
				912013C91CB8DABF009E4A34 /* Debug */,
				912013CA1CB8DABF009E4A34 /* Release */,
			);
			defaultConfigurationIsVisible = 0;
		};
		912013CB1CB8DABF009E4A34 /* Build configuration list for PBXNativeTarget "Rotation3Tests" */ = {
			isa = XCConfigurationList;
			buildConfigurations = (
				912013CC1CB8DABF009E4A34 /* Debug */,
				912013CD1CB8DABF009E4A34 /* Release */,
			);
			defaultConfigurationIsVisible = 0;
		};
		912013CE1CB8DABF009E4A34 /* Build configuration list for PBXNativeTarget "Rotation3UITests" */ = {
			isa = XCConfigurationList;
			buildConfigurations = (
				912013CF1CB8DABF009E4A34 /* Debug */,
				912013D01CB8DABF009E4A34 /* Release */,
			);
			defaultConfigurationIsVisible = 0;
		};
/* End XCConfigurationList section */
	};
	rootObject = 912013931CB8DABF009E4A34 /* Project object */;
}
