// !$*UTF8*$!
{
	archiveVersion = 1;
	classes = {
	};
	objectVersion = 46;
	objects = {

/* Begin PBXBuildFile section */
		91507B491CB5290000C5C2E1 /* main.m in Sources */ = {isa = PBXBuildFile; fileRef = 91507B481CB5290000C5C2E1 /* main.m */; };
		91507B4C1CB5290000C5C2E1 /* AppDelegate.m in Sources */ = {isa = PBXBuildFile; fileRef = 91507B4B1CB5290000C5C2E1 /* AppDelegate.m */; };
		91507B4F1CB5290000C5C2E1 /* ViewController.m in Sources */ = {isa = PBXBuildFile; fileRef = 91507B4E1CB5290000C5C2E1 /* ViewController.m */; };
		91507B521CB5290000C5C2E1 /* Main.storyboard in Resources */ = {isa = PBXBuildFile; fileRef = 91507B501CB5290000C5C2E1 /* Main.storyboard */; };
		91507B541CB5290000C5C2E1 /* Assets.xcassets in Resources */ = {isa = PBXBuildFile; fileRef = 91507B531CB5290000C5C2E1 /* Assets.xcassets */; };
		91507B571CB5290000C5C2E1 /* LaunchScreen.storyboard in Resources */ = {isa = PBXBuildFile; fileRef = 91507B551CB5290000C5C2E1 /* LaunchScreen.storyboard */; };
		91507B621CB5290000C5C2E1 /* Rotation_NavigationTests.m in Sources */ = {isa = PBXBuildFile; fileRef = 91507B611CB5290000C5C2E1 /* Rotation_NavigationTests.m */; };
		91507B6D1CB5290000C5C2E1 /* Rotation_NavigationUITests.m in Sources */ = {isa = PBXBuildFile; fileRef = 91507B6C1CB5290000C5C2E1 /* Rotation_NavigationUITests.m */; };
		91507B7C1CB5292900C5C2E1 /* BaseNaviViewController.m in Sources */ = {isa = PBXBuildFile; fileRef = 91507B7B1CB5292900C5C2E1 /* BaseNaviViewController.m */; };
		91507B801CB5295300C5C2E1 /* FirstViewController.m in Sources */ = {isa = PBXBuildFile; fileRef = 91507B7F1CB5295300C5C2E1 /* FirstViewController.m */; };
		91507B831CB5296100C5C2E1 /* SecondViewController.m in Sources */ = {isa = PBXBuildFile; fileRef = 91507B821CB5296100C5C2E1 /* SecondViewController.m */; };
		91507B871CB5310F00C5C2E1 /* 40fe711f9b754b596159f3a6.jpg in Resources */ = {isa = PBXBuildFile; fileRef = 91507B861CB5310F00C5C2E1 /* 40fe711f9b754b596159f3a6.jpg */; };
/* End PBXBuildFile section */

/* Begin PBXContainerItemProxy section */
		91507B5E1CB5290000C5C2E1 /* PBXContainerItemProxy */ = {
			isa = PBXContainerItemProxy;
			containerPortal = 91507B3C1CB528FF00C5C2E1 /* Project object */;
			proxyType = 1;
			remoteGlobalIDString = 91507B431CB528FF00C5C2E1;
			remoteInfo = "Rotation-Navigation";
		};
		91507B691CB5290000C5C2E1 /* PBXContainerItemProxy */ = {
			isa = PBXContainerItemProxy;
			containerPortal = 91507B3C1CB528FF00C5C2E1 /* Project object */;
			proxyType = 1;
			remoteGlobalIDString = 91507B431CB528FF00C5C2E1;
			remoteInfo = "Rotation-Navigation";
		};
/* End PBXContainerItemProxy section */

/* Begin PBXFileReference section */
		91507B441CB528FF00C5C2E1 /* Rotation-Navigation.app */ = {isa = PBXFileReference; explicitFileType = wrapper.application; includeInIndex = 0; path = "Rotation-Navigation.app"; sourceTree = BUILT_PRODUCTS_DIR; };
		91507B481CB5290000C5C2E1 /* main.m */ = {isa = PBXFileReference; lastKnownFileType = sourcecode.c.objc; path = main.m; sourceTree = "<group>"; };
		91507B4A1CB5290000C5C2E1 /* AppDelegate.h */ = {isa = PBXFileReference; lastKnownFileType = sourcecode.c.h; path = AppDelegate.h; sourceTree = "<group>"; };
		91507B4B1CB5290000C5C2E1 /* AppDelegate.m */ = {isa = PBXFileReference; lastKnownFileType = sourcecode.c.objc; path = AppDelegate.m; sourceTree = "<group>"; };
		91507B4D1CB5290000C5C2E1 /* ViewController.h */ = {isa = PBXFileReference; lastKnownFileType = sourcecode.c.h; path = ViewController.h; sourceTree = "<group>"; };
		91507B4E1CB5290000C5C2E1 /* ViewController.m */ = {isa = PBXFileReference; lastKnownFileType = sourcecode.c.objc; path = ViewController.m; sourceTree = "<group>"; };
		91507B511CB5290000C5C2E1 /* Base */ = {isa = PBXFileReference; lastKnownFileType = file.storyboard; name = Base; path = Base.lproj/Main.storyboard; sourceTree = "<group>"; };
		91507B531CB5290000C5C2E1 /* Assets.xcassets */ = {isa = PBXFileReference; lastKnownFileType = folder.assetcatalog; path = Assets.xcassets; sourceTree = "<group>"; };
		91507B561CB5290000C5C2E1 /* Base */ = {isa = PBXFileReference; lastKnownFileType = file.storyboard; name = Base; path = Base.lproj/LaunchScreen.storyboard; sourceTree = "<group>"; };
		91507B581CB5290000C5C2E1 /* Info.plist */ = {isa = PBXFileReference; lastKnownFileType = text.plist.xml; path = Info.plist; sourceTree = "<group>"; };
		91507B5D1CB5290000C5C2E1 /* Rotation-NavigationTests.xctest */ = {isa = PBXFileReference; explicitFileType = wrapper.cfbundle; includeInIndex = 0; path = "Rotation-NavigationTests.xctest"; sourceTree = BUILT_PRODUCTS_DIR; };
		91507B611CB5290000C5C2E1 /* Rotation_NavigationTests.m */ = {isa = PBXFileReference; lastKnownFileType = sourcecode.c.objc; path = Rotation_NavigationTests.m; sourceTree = "<group>"; };
		91507B631CB5290000C5C2E1 /* Info.plist */ = {isa = PBXFileReference; lastKnownFileType = text.plist.xml; path = Info.plist; sourceTree = "<group>"; };
		91507B681CB5290000C5C2E1 /* Rotation-NavigationUITests.xctest */ = {isa = PBXFileReference; explicitFileType = wrapper.cfbundle; includeInIndex = 0; path = "Rotation-NavigationUITests.xctest"; sourceTree = BUILT_PRODUCTS_DIR; };
		91507B6C1CB5290000C5C2E1 /* Rotation_NavigationUITests.m */ = {isa = PBXFileReference; lastKnownFileType = sourcecode.c.objc; path = Rotation_NavigationUITests.m; sourceTree = "<group>"; };
		91507B6E1CB5290000C5C2E1 /* Info.plist */ = {isa = PBXFileReference; lastKnownFileType = text.plist.xml; path = Info.plist; sourceTree = "<group>"; };
		91507B7A1CB5292900C5C2E1 /* BaseNaviViewController.h */ = {isa = PBXFileReference; fileEncoding = 4; lastKnownFileType = sourcecode.c.h; path = BaseNaviViewController.h; sourceTree = "<group>"; };
		91507B7B1CB5292900C5C2E1 /* BaseNaviViewController.m */ = {isa = PBXFileReference; fileEncoding = 4; lastKnownFileType = sourcecode.c.objc; path = BaseNaviViewController.m; sourceTree = "<group>"; };
		91507B7E1CB5295300C5C2E1 /* FirstViewController.h */ = {isa = PBXFileReference; fileEncoding = 4; lastKnownFileType = sourcecode.c.h; path = FirstViewController.h; sourceTree = "<group>"; };
		91507B7F1CB5295300C5C2E1 /* FirstViewController.m */ = {isa = PBXFileReference; fileEncoding = 4; lastKnownFileType = sourcecode.c.objc; path = FirstViewController.m; sourceTree = "<group>"; };
		91507B811CB5296100C5C2E1 /* SecondViewController.h */ = {isa = PBXFileReference; fileEncoding = 4; lastKnownFileType = sourcecode.c.h; path = SecondViewController.h; sourceTree = "<group>"; };
		91507B821CB5296100C5C2E1 /* SecondViewController.m */ = {isa = PBXFileReference; fileEncoding = 4; lastKnownFileType = sourcecode.c.objc; path = SecondViewController.m; sourceTree = "<group>"; };
		91507B861CB5310F00C5C2E1 /* 40fe711f9b754b596159f3a6.jpg */ = {isa = PBXFileReference; lastKnownFileType = image.jpeg; path = 40fe711f9b754b596159f3a6.jpg; sourceTree = "<group>"; };
/* End PBXFileReference section */

/* Begin PBXFrameworksBuildPhase section */
		91507B411CB528FF00C5C2E1 /* Frameworks */ = {
			isa = PBXFrameworksBuildPhase;
			buildActionMask = 2147483647;
			files = (
			);
			runOnlyForDeploymentPostprocessing = 0;
		};
		91507B5A1CB5290000C5C2E1 /* Frameworks */ = {
			isa = PBXFrameworksBuildPhase;
			buildActionMask = 2147483647;
			files = (
			);
			runOnlyForDeploymentPostprocessing = 0;
		};
		91507B651CB5290000C5C2E1 /* Frameworks */ = {
			isa = PBXFrameworksBuildPhase;
			buildActionMask = 2147483647;
			files = (
			);
			runOnlyForDeploymentPostprocessing = 0;
		};
/* End PBXFrameworksBuildPhase section */

/* Begin PBXGroup section */
		91507B3B1CB528FF00C5C2E1 = {
			isa = PBXGroup;
			children = (
				91507B461CB5290000C5C2E1 /* Rotation-Navigation */,
				91507B601CB5290000C5C2E1 /* Rotation-NavigationTests */,
				91507B6B1CB5290000C5C2E1 /* Rotation-NavigationUITests */,
				91507B451CB528FF00C5C2E1 /* Products */,
			);
			sourceTree = "<group>";
		};
		91507B451CB528FF00C5C2E1 /* Products */ = {
			isa = PBXGroup;
			children = (
				91507B441CB528FF00C5C2E1 /* Rotation-Navigation.app */,
				91507B5D1CB5290000C5C2E1 /* Rotation-NavigationTests.xctest */,
				91507B681CB5290000C5C2E1 /* Rotation-NavigationUITests.xctest */,
			);
			name = Products;
			sourceTree = "<group>";
		};
		91507B461CB5290000C5C2E1 /* Rotation-Navigation */ = {
			isa = PBXGroup;
			children = (
				91507B7D1CB5293200C5C2E1 /* VCs */,
				91507B4A1CB5290000C5C2E1 /* AppDelegate.h */,
				91507B4B1CB5290000C5C2E1 /* AppDelegate.m */,
				91507B4D1CB5290000C5C2E1 /* ViewController.h */,
				91507B4E1CB5290000C5C2E1 /* ViewController.m */,
				91507B501CB5290000C5C2E1 /* Main.storyboard */,
				91507B531CB5290000C5C2E1 /* Assets.xcassets */,
				91507B551CB5290000C5C2E1 /* LaunchScreen.storyboard */,
				91507B581CB5290000C5C2E1 /* Info.plist */,
				91507B471CB5290000C5C2E1 /* Supporting Files */,
				91507B7A1CB5292900C5C2E1 /* BaseNaviViewController.h */,
				91507B7B1CB5292900C5C2E1 /* BaseNaviViewController.m */,
			);
			path = "Rotation-Navigation";
			sourceTree = "<group>";
		};
		91507B471CB5290000C5C2E1 /* Supporting Files */ = {
			isa = PBXGroup;
			children = (
				91507B481CB5290000C5C2E1 /* main.m */,
			);
			name = "Supporting Files";
			sourceTree = "<group>";
		};
		91507B601CB5290000C5C2E1 /* Rotation-NavigationTests */ = {
			isa = PBXGroup;
			children = (
				91507B611CB5290000C5C2E1 /* Rotation_NavigationTests.m */,
				91507B631CB5290000C5C2E1 /* Info.plist */,
			);
			path = "Rotation-NavigationTests";
			sourceTree = "<group>";
		};
		91507B6B1CB5290000C5C2E1 /* Rotation-NavigationUITests */ = {
			isa = PBXGroup;
			children = (
				91507B6C1CB5290000C5C2E1 /* Rotation_NavigationUITests.m */,
				91507B6E1CB5290000C5C2E1 /* Info.plist */,
			);
			path = "Rotation-NavigationUITests";
			sourceTree = "<group>";
		};
		91507B7D1CB5293200C5C2E1 /* VCs */ = {
			isa = PBXGroup;
			children = (
				91507B861CB5310F00C5C2E1 /* 40fe711f9b754b596159f3a6.jpg */,
				91507B7E1CB5295300C5C2E1 /* FirstViewController.h */,
				91507B7F1CB5295300C5C2E1 /* FirstViewController.m */,
				91507B811CB5296100C5C2E1 /* SecondViewController.h */,
				91507B821CB5296100C5C2E1 /* SecondViewController.m */,
			);
			name = VCs;
			sourceTree = "<group>";
		};
/* End PBXGroup section */

/* Begin PBXNativeTarget section */
		91507B431CB528FF00C5C2E1 /* Rotation-Navigation */ = {
			isa = PBXNativeTarget;
			buildConfigurationList = 91507B711CB5290000C5C2E1 /* Build configuration list for PBXNativeTarget "Rotation-Navigation" */;
			buildPhases = (
				91507B401CB528FF00C5C2E1 /* Sources */,
				91507B411CB528FF00C5C2E1 /* Frameworks */,
				91507B421CB528FF00C5C2E1 /* Resources */,
			);
			buildRules = (
			);
			dependencies = (
			);
			name = "Rotation-Navigation";
			productName = "Rotation-Navigation";
			productReference = 91507B441CB528FF00C5C2E1 /* Rotation-Navigation.app */;
			productType = "com.apple.product-type.application";
		};
		91507B5C1CB5290000C5C2E1 /* Rotation-NavigationTests */ = {
			isa = PBXNativeTarget;
			buildConfigurationList = 91507B741CB5290000C5C2E1 /* Build configuration list for PBXNativeTarget "Rotation-NavigationTests" */;
			buildPhases = (
				91507B591CB5290000C5C2E1 /* Sources */,
				91507B5A1CB5290000C5C2E1 /* Frameworks */,
				91507B5B1CB5290000C5C2E1 /* Resources */,
			);
			buildRules = (
			);
			dependencies = (
				91507B5F1CB5290000C5C2E1 /* PBXTargetDependency */,
			);
			name = "Rotation-NavigationTests";
			productName = "Rotation-NavigationTests";
			productReference = 91507B5D1CB5290000C5C2E1 /* Rotation-NavigationTests.xctest */;
			productType = "com.apple.product-type.bundle.unit-test";
		};
		91507B671CB5290000C5C2E1 /* Rotation-NavigationUITests */ = {
			isa = PBXNativeTarget;
			buildConfigurationList = 91507B771CB5290000C5C2E1 /* Build configuration list for PBXNativeTarget "Rotation-NavigationUITests" */;
			buildPhases = (
				91507B641CB5290000C5C2E1 /* Sources */,
				91507B651CB5290000C5C2E1 /* Frameworks */,
				91507B661CB5290000C5C2E1 /* Resources */,
			);
			buildRules = (
			);
			dependencies = (
				91507B6A1CB5290000C5C2E1 /* PBXTargetDependency */,
			);
			name = "Rotation-NavigationUITests";
			productName = "Rotation-NavigationUITests";
			productReference = 91507B681CB5290000C5C2E1 /* Rotation-NavigationUITests.xctest */;
			productType = "com.apple.product-type.bundle.ui-testing";
		};
/* End PBXNativeTarget section */

/* Begin PBXProject section */
		91507B3C1CB528FF00C5C2E1 /* Project object */ = {
			isa = PBXProject;
			attributes = {
				LastUpgradeCheck = 0730;
				ORGANIZATIONNAME = Artup;
				TargetAttributes = {
					91507B431CB528FF00C5C2E1 = {
						CreatedOnToolsVersion = 7.3;
					};
					91507B5C1CB5290000C5C2E1 = {
						CreatedOnToolsVersion = 7.3;
						TestTargetID = 91507B431CB528FF00C5C2E1;
					};
					91507B671CB5290000C5C2E1 = {
						CreatedOnToolsVersion = 7.3;
						TestTargetID = 91507B431CB528FF00C5C2E1;
					};
				};
			};
			buildConfigurationList = 91507B3F1CB528FF00C5C2E1 /* Build configuration list for PBXProject "Rotation-Navigation" */;
			compatibilityVersion = "Xcode 3.2";
			developmentRegion = English;
			hasScannedForEncodings = 0;
			knownRegions = (
				en,
				Base,
			);
			mainGroup = 91507B3B1CB528FF00C5C2E1;
			productRefGroup = 91507B451CB528FF00C5C2E1 /* Products */;
			projectDirPath = "";
			projectRoot = "";
			targets = (
				91507B431CB528FF00C5C2E1 /* Rotation-Navigation */,
				91507B5C1CB5290000C5C2E1 /* Rotation-NavigationTests */,
				91507B671CB5290000C5C2E1 /* Rotation-NavigationUITests */,
			);
		};
/* End PBXProject section */

/* Begin PBXResourcesBuildPhase section */
		91507B421CB528FF00C5C2E1 /* Resources */ = {
			isa = PBXResourcesBuildPhase;
			buildActionMask = 2147483647;
			files = (
				91507B871CB5310F00C5C2E1 /* 40fe711f9b754b596159f3a6.jpg in Resources */,
				91507B571CB5290000C5C2E1 /* LaunchScreen.storyboard in Resources */,
				91507B541CB5290000C5C2E1 /* Assets.xcassets in Resources */,
				91507B521CB5290000C5C2E1 /* Main.storyboard in Resources */,
			);
			runOnlyForDeploymentPostprocessing = 0;
		};
		91507B5B1CB5290000C5C2E1 /* Resources */ = {
			isa = PBXResourcesBuildPhase;
			buildActionMask = 2147483647;
			files = (
			);
			runOnlyForDeploymentPostprocessing = 0;
		};
		91507B661CB5290000C5C2E1 /* Resources */ = {
			isa = PBXResourcesBuildPhase;
			buildActionMask = 2147483647;
			files = (
			);
			runOnlyForDeploymentPostprocessing = 0;
		};
/* End PBXResourcesBuildPhase section */

/* Begin PBXSourcesBuildPhase section */
		91507B401CB528FF00C5C2E1 /* Sources */ = {
			isa = PBXSourcesBuildPhase;
			buildActionMask = 2147483647;
			files = (
				91507B831CB5296100C5C2E1 /* SecondViewController.m in Sources */,
				91507B4F1CB5290000C5C2E1 /* ViewController.m in Sources */,
				91507B4C1CB5290000C5C2E1 /* AppDelegate.m in Sources */,
				91507B801CB5295300C5C2E1 /* FirstViewController.m in Sources */,
				91507B491CB5290000C5C2E1 /* main.m in Sources */,
				91507B7C1CB5292900C5C2E1 /* BaseNaviViewController.m in Sources */,
			);
			runOnlyForDeploymentPostprocessing = 0;
		};
		91507B591CB5290000C5C2E1 /* Sources */ = {
			isa = PBXSourcesBuildPhase;
			buildActionMask = 2147483647;
			files = (
				91507B621CB5290000C5C2E1 /* Rotation_NavigationTests.m in Sources */,
			);
			runOnlyForDeploymentPostprocessing = 0;
		};
		91507B641CB5290000C5C2E1 /* Sources */ = {
			isa = PBXSourcesBuildPhase;
			buildActionMask = 2147483647;
			files = (
				91507B6D1CB5290000C5C2E1 /* Rotation_NavigationUITests.m in Sources */,
			);
			runOnlyForDeploymentPostprocessing = 0;
		};
/* End PBXSourcesBuildPhase section */

/* Begin PBXTargetDependency section */
		91507B5F1CB5290000C5C2E1 /* PBXTargetDependency */ = {
			isa = PBXTargetDependency;
			target = 91507B431CB528FF00C5C2E1 /* Rotation-Navigation */;
			targetProxy = 91507B5E1CB5290000C5C2E1 /* PBXContainerItemProxy */;
		};
		91507B6A1CB5290000C5C2E1 /* PBXTargetDependency */ = {
			isa = PBXTargetDependency;
			target = 91507B431CB528FF00C5C2E1 /* Rotation-Navigation */;
			targetProxy = 91507B691CB5290000C5C2E1 /* PBXContainerItemProxy */;
		};
/* End PBXTargetDependency section */

/* Begin PBXVariantGroup section */
		91507B501CB5290000C5C2E1 /* Main.storyboard */ = {
			isa = PBXVariantGroup;
			children = (
				91507B511CB5290000C5C2E1 /* Base */,
			);
			name = Main.storyboard;
			sourceTree = "<group>";
		};
		91507B551CB5290000C5C2E1 /* LaunchScreen.storyboard */ = {
			isa = PBXVariantGroup;
			children = (
				91507B561CB5290000C5C2E1 /* Base */,
			);
			name = LaunchScreen.storyboard;
			sourceTree = "<group>";
		};
/* End PBXVariantGroup section */

/* Begin XCBuildConfiguration section */
		91507B6F1CB5290000C5C2E1 /* Debug */ = {
			isa = XCBuildConfiguration;
			buildSettings = {
				ALWAYS_SEARCH_USER_PATHS = NO;
				CLANG_ANALYZER_NONNULL = YES;
				CLANG_CXX_LANGUAGE_STANDARD = "gnu++0x";
				CLANG_CXX_LIBRARY = "libc++";
				CLANG_ENABLE_MODULES = YES;
				CLANG_ENABLE_OBJC_ARC = YES;
				CLANG_WARN_BOOL_CONVERSION = YES;
				CLANG_WARN_CONSTANT_CONVERSION = YES;
				CLANG_WARN_DIRECT_OBJC_ISA_USAGE = YES_ERROR;
				CLANG_WARN_EMPTY_BODY = YES;
				CLANG_WARN_ENUM_CONVERSION = YES;
				CLANG_WARN_INT_CONVERSION = YES;
				CLANG_WARN_OBJC_ROOT_CLASS = YES_ERROR;
				CLANG_WARN_UNREACHABLE_CODE = YES;
				CLANG_WARN__DUPLICATE_METHOD_MATCH = YES;
				"CODE_SIGN_IDENTITY[sdk=iphoneos*]" = "iPhone Developer";
				COPY_PHASE_STRIP = NO;
				DEBUG_INFORMATION_FORMAT = dwarf;
				ENABLE_STRICT_OBJC_MSGSEND = YES;
				ENABLE_TESTABILITY = YES;
				GCC_C_LANGUAGE_STANDARD = gnu99;
				GCC_DYNAMIC_NO_PIC = NO;
				GCC_NO_COMMON_BLOCKS = YES;
				GCC_OPTIMIZATION_LEVEL = 0;
				GCC_PREPROCESSOR_DEFINITIONS = (
					"DEBUG=1",
					"$(inherited)",
				);
				GCC_WARN_64_TO_32_BIT_CONVERSION = YES;
				GCC_WARN_ABOUT_RETURN_TYPE = YES_ERROR;
				GCC_WARN_UNDECLARED_SELECTOR = YES;
				GCC_WARN_UNINITIALIZED_AUTOS = YES_AGGRESSIVE;
				GCC_WARN_UNUSED_FUNCTION = YES;
				GCC_WARN_UNUSED_VARIABLE = YES;
				IPHONEOS_DEPLOYMENT_TARGET = 9.3;
				MTL_ENABLE_DEBUG_INFO = YES;
				ONLY_ACTIVE_ARCH = YES;
				SDKROOT = iphoneos;
				TARGETED_DEVICE_FAMILY = "1,2";
			};
			name = Debug;
		};
		91507B701CB5290000C5C2E1 /* Release */ = {
			isa = XCBuildConfiguration;
			buildSettings = {
				ALWAYS_SEARCH_USER_PATHS = NO;
				CLANG_ANALYZER_NONNULL = YES;
				CLANG_CXX_LANGUAGE_STANDARD = "gnu++0x";
				CLANG_CXX_LIBRARY = "libc++";
				CLANG_ENABLE_MODULES = YES;
				CLANG_ENABLE_OBJC_ARC = YES;
				CLANG_WARN_BOOL_CONVERSION = YES;
				CLANG_WARN_CONSTANT_CONVERSION = YES;
				CLANG_WARN_DIRECT_OBJC_ISA_USAGE = YES_ERROR;
				CLANG_WARN_EMPTY_BODY = YES;
				CLANG_WARN_ENUM_CONVERSION = YES;
				CLANG_WARN_INT_CONVERSION = YES;
				CLANG_WARN_OBJC_ROOT_CLASS = YES_ERROR;
				CLANG_WARN_UNREACHABLE_CODE = YES;
				CLANG_WARN__DUPLICATE_METHOD_MATCH = YES;
				"CODE_SIGN_IDENTITY[sdk=iphoneos*]" = "iPhone Developer";
				COPY_PHASE_STRIP = NO;
				DEBUG_INFORMATION_FORMAT = "dwarf-with-dsym";
				ENABLE_NS_ASSERTIONS = NO;
				ENABLE_STRICT_OBJC_MSGSEND = YES;
				GCC_C_LANGUAGE_STANDARD = gnu99;
				GCC_NO_COMMON_BLOCKS = YES;
				GCC_WARN_64_TO_32_BIT_CONVERSION = YES;
				GCC_WARN_ABOUT_RETURN_TYPE = YES_ERROR;
				GCC_WARN_UNDECLARED_SELECTOR = YES;
				GCC_WARN_UNINITIALIZED_AUTOS = YES_AGGRESSIVE;
				GCC_WARN_UNUSED_FUNCTION = YES;
				GCC_WARN_UNUSED_VARIABLE = YES;
				IPHONEOS_DEPLOYMENT_TARGET = 9.3;
				MTL_ENABLE_DEBUG_INFO = NO;
				SDKROOT = iphoneos;
				TARGETED_DEVICE_FAMILY = "1,2";
				VALIDATE_PRODUCT = YES;
			};
			name = Release;
		};
		91507B721CB5290000C5C2E1 /* Debug */ = {
			isa = XCBuildConfiguration;
			buildSettings = {
				ASSETCATALOG_COMPILER_APPICON_NAME = AppIcon;
				INFOPLIST_FILE = "Rotation-Navigation/Info.plist";
				LD_RUNPATH_SEARCH_PATHS = "$(inherited) @executable_path/Frameworks";
				PRODUCT_BUNDLE_IDENTIFIER = "com.artup.Rotation-Navigation";
				PRODUCT_NAME = "$(TARGET_NAME)";
			};
			name = Debug;
		};
		91507B731CB5290000C5C2E1 /* Release */ = {
			isa = XCBuildConfiguration;
			buildSettings = {
				ASSETCATALOG_COMPILER_APPICON_NAME = AppIcon;
				INFOPLIST_FILE = "Rotation-Navigation/Info.plist";
				LD_RUNPATH_SEARCH_PATHS = "$(inherited) @executable_path/Frameworks";
				PRODUCT_BUNDLE_IDENTIFIER = "com.artup.Rotation-Navigation";
				PRODUCT_NAME = "$(TARGET_NAME)";
			};
			name = Release;
		};
		91507B751CB5290000C5C2E1 /* Debug */ = {
			isa = XCBuildConfiguration;
			buildSettings = {
				BUNDLE_LOADER = "$(TEST_HOST)";
				INFOPLIST_FILE = "Rotation-NavigationTests/Info.plist";
				LD_RUNPATH_SEARCH_PATHS = "$(inherited) @executable_path/Frameworks @loader_path/Frameworks";
				PRODUCT_BUNDLE_IDENTIFIER = "com.artup.Rotation-NavigationTests";
				PRODUCT_NAME = "$(TARGET_NAME)";
				TEST_HOST = "$(BUILT_PRODUCTS_DIR)/Rotation-Navigation.app/Rotation-Navigation";
			};
			name = Debug;
		};
		91507B761CB5290000C5C2E1 /* Release */ = {
			isa = XCBuildConfiguration;
			buildSettings = {
				BUNDLE_LOADER = "$(TEST_HOST)";
				INFOPLIST_FILE = "Rotation-NavigationTests/Info.plist";
				LD_RUNPATH_SEARCH_PATHS = "$(inherited) @executable_path/Frameworks @loader_path/Frameworks";
				PRODUCT_BUNDLE_IDENTIFIER = "com.artup.Rotation-NavigationTests";
				PRODUCT_NAME = "$(TARGET_NAME)";
				TEST_HOST = "$(BUILT_PRODUCTS_DIR)/Rotation-Navigation.app/Rotation-Navigation";
			};
			name = Release;
		};
		91507B781CB5290000C5C2E1 /* Debug */ = {
			isa = XCBuildConfiguration;
			buildSettings = {
				INFOPLIST_FILE = "Rotation-NavigationUITests/Info.plist";
				LD_RUNPATH_SEARCH_PATHS = "$(inherited) @executable_path/Frameworks @loader_path/Frameworks";
				PRODUCT_BUNDLE_IDENTIFIER = "com.artup.Rotation-NavigationUITests";
				PRODUCT_NAME = "$(TARGET_NAME)";
				TEST_TARGET_NAME = "Rotation-Navigation";
			};
			name = Debug;
		};
		91507B791CB5290000C5C2E1 /* Release */ = {
			isa = XCBuildConfiguration;
			buildSettings = {
				INFOPLIST_FILE = "Rotation-NavigationUITests/Info.plist";
				LD_RUNPATH_SEARCH_PATHS = "$(inherited) @executable_path/Frameworks @loader_path/Frameworks";
				PRODUCT_BUNDLE_IDENTIFIER = "com.artup.Rotation-NavigationUITests";
				PRODUCT_NAME = "$(TARGET_NAME)";
				TEST_TARGET_NAME = "Rotation-Navigation";
			};
			name = Release;
		};
/* End XCBuildConfiguration section */

/* Begin XCConfigurationList section */
		91507B3F1CB528FF00C5C2E1 /* Build configuration list for PBXProject "Rotation-Navigation" */ = {
			isa = XCConfigurationList;
			buildConfigurations = (
				91507B6F1CB5290000C5C2E1 /* Debug */,
				91507B701CB5290000C5C2E1 /* Release */,
			);
			defaultConfigurationIsVisible = 0;
			defaultConfigurationName = Release;
		};
		91507B711CB5290000C5C2E1 /* Build configuration list for PBXNativeTarget "Rotation-Navigation" */ = {
			isa = XCConfigurationList;
			buildConfigurations = (
				91507B721CB5290000C5C2E1 /* Debug */,
				91507B731CB5290000C5C2E1 /* Release */,
			);
			defaultConfigurationIsVisible = 0;
		};
		91507B741CB5290000C5C2E1 /* Build configuration list for PBXNativeTarget "Rotation-NavigationTests" */ = {
			isa = XCConfigurationList;
			buildConfigurations = (
				91507B751CB5290000C5C2E1 /* Debug */,
				91507B761CB5290000C5C2E1 /* Release */,
			);
			defaultConfigurationIsVisible = 0;
		};
		91507B771CB5290000C5C2E1 /* Build configuration list for PBXNativeTarget "Rotation-NavigationUITests" */ = {
			isa = XCConfigurationList;
			buildConfigurations = (
				91507B781CB5290000C5C2E1 /* Debug */,
				91507B791CB5290000C5C2E1 /* Release */,
			);
			defaultConfigurationIsVisible = 0;
		};
/* End XCConfigurationList section */
	};
	rootObject = 91507B3C1CB528FF00C5C2E1 /* Project object */;
}
